
Microsoft Visual Studio Solution File, Format Version 12.00
# Visual Studio 15
VisualStudioVersion = 15.0.27004.2009
MinimumVisualStudioVersion = 10.0.40219.1
Project("{FAE04EC0-301F-11D3-BF4B-00C04F79EFBC}") = "FormFlowAdvanced", "FormFlowAdvanced\FormFlowAdvanced.csproj", "{87E292B8-8B70-4B31-907F-2A0E5B03E3A5}"
EndProject
Project("{FAE04EC0-301F-11D3-BF4B-00C04F79EFBC}") = "Microsoft.Bot.Sample.AadV2Bot", "..\..\..\..\downloads\BotBuilder-master\CSharp\Samples\AadV2Bot\Microsoft.Bot.Sample.AadV2Bot.csproj", "{02D0FDA0-799A-4747-B2C2-D4017F517A0E}"
EndProject
Global
	GlobalSection(SolutionConfigurationPlatforms) = preSolution
		Debug|Any CPU = Debug|Any CPU
		Release|Any CPU = Release|Any CPU
	EndGlobalSection
	GlobalSection(ProjectConfigurationPlatforms) = postSolution
		{87E292B8-8B70-4B31-907F-2A0E5B03E3A5}.Debug|Any CPU.ActiveCfg = Debug|Any CPU
		{87E292B8-8B70-4B31-907F-2A0E5B03E3A5}.Debug|Any CPU.Build.0 = Debug|Any CPU
		{87E292B8-8B70-4B31-907F-2A0E5B03E3A5}.Release|Any CPU.ActiveCfg = Release|Any CPU
		{87E292B8-8B70-4B31-907F-2A0E5B03E3A5}.Release|Any CPU.Build.0 = Release|Any CPU
		{02D0FDA0-799A-4747-B2C2-D4017F517A0E}.Debug|Any CPU.ActiveCfg = Debug|Any CPU
		{02D0FDA0-799A-4747-B2C2-D4017F517A0E}.Debug|Any CPU.Build.0 = Debug|Any CPU
		{02D0FDA0-799A-4747-B2C2-D4017F517A0E}.Release|Any CPU.ActiveCfg = Release|Any CPU
		{02D0FDA0-799A-4747-B2C2-D4017F517A0E}.Release|Any CPU.Build.0 = Release|Any CPU
	EndGlobalSection
	GlobalSection(SolutionProperties) = preSolution
		HideSolutionNode = FALSE
	EndGlobalSection
	GlobalSection(ExtensibilityGlobals) = postSolution
		SolutionGuid = {760138D6-42DA-4F49-830D-5E5A5106976F}
	EndGlobalSection
EndGlobal
